
Microsoft Visual Studio Solution File, Format Version 12.00
# Visual Studio 15
VisualStudioVersion = 15.0.28306.52
MinimumVisualStudioVersion = 10.0.40219.1
Project("{FAE04EC0-301F-11D3-BF4B-00C04F79EFBC}") = "Linq", "Linq\Linq.csproj", "{75D1101C-165E-48AF-A9FA-5A595CCD453E}"
EndProject
Global
	GlobalSection(SolutionConfigurationPlatforms) = preSolution
		Debug|Any CPU = Debug|Any CPU
		Release|Any CPU = Release|Any CPU
	EndGlobalSection
	GlobalSection(ProjectConfigurationPlatforms) = postSolution
		{75D1101C-165E-48AF-A9FA-5A595CCD453E}.Debug|Any CPU.ActiveCfg = Debug|Any CPU
		{75D1101C-165E-48AF-A9FA-5A595CCD453E}.Debug|Any CPU.Build.0 = Debug|Any CPU
		{75D1101C-165E-48AF-A9FA-5A595CCD453E}.Release|Any CPU.ActiveCfg = Release|Any CPU
		{75D1101C-165E-48AF-A9FA-5A595CCD453E}.Release|Any CPU.Build.0 = Release|Any CPU
	EndGlobalSection
	GlobalSection(SolutionProperties) = preSolution
		HideSolutionNode = FALSE
	EndGlobalSection
	GlobalSection(ExtensibilityGlobals) = postSolution
		SolutionGuid = {24CF853E-BF62-4C8C-A6C4-EECF3F89E478}
	EndGlobalSection
EndGlobal
